// !$*UTF8*$!
{
	archiveVersion = 1;
	classes = {
	};
	objectVersion = 46;
	objects = {

/* Begin PBXBuildFile section */
		2861FC1C1A1AAC3800D1C96D /* FeedItem.swift in Sources */ = {isa = PBXBuildFile; fileRef = 2861FC1B1A1AAC3800D1C96D /* FeedItem.swift */; };
		28F1FC8D19F83C8500A37CBC /* AppDelegate.swift in Sources */ = {isa = PBXBuildFile; fileRef = 28F1FC8C19F83C8500A37CBC /* AppDelegate.swift */; };
		28F1FC9019F83C8500A37CBC /* ExchangeAGram.xcdatamodeld in Sources */ = {isa = PBXBuildFile; fileRef = 28F1FC8E19F83C8500A37CBC /* ExchangeAGram.xcdatamodeld */; };
		28F1FC9519F83C8500A37CBC /* Main.storyboard in Resources */ = {isa = PBXBuildFile; fileRef = 28F1FC9319F83C8500A37CBC /* Main.storyboard */; };
		28F1FC9719F83C8500A37CBC /* Images.xcassets in Resources */ = {isa = PBXBuildFile; fileRef = 28F1FC9619F83C8500A37CBC /* Images.xcassets */; };
		28F1FC9A19F83C8500A37CBC /* LaunchScreen.xib in Resources */ = {isa = PBXBuildFile; fileRef = 28F1FC9819F83C8500A37CBC /* LaunchScreen.xib */; };
		28F1FCA619F83C8500A37CBC /* ExchangeAGramTests.swift in Sources */ = {isa = PBXBuildFile; fileRef = 28F1FCA519F83C8500A37CBC /* ExchangeAGramTests.swift */; };
		28F1FCB019F83E2800A37CBC /* FeedViewController.swift in Sources */ = {isa = PBXBuildFile; fileRef = 28F1FCAF19F83E2800A37CBC /* FeedViewController.swift */; };
		28F1FCB219F84D9800A37CBC /* FeedCell.swift in Sources */ = {isa = PBXBuildFile; fileRef = 28F1FCB119F84D9800A37CBC /* FeedCell.swift */; };
		28F1FCB419F850AD00A37CBC /* MobileCoreServices.framework in Frameworks */ = {isa = PBXBuildFile; fileRef = 28F1FCB319F850AD00A37CBC /* MobileCoreServices.framework */; };
		28F1FCB819F9A69400A37CBC /* FilterViewController.swift in Sources */ = {isa = PBXBuildFile; fileRef = 28F1FCB719F9A69400A37CBC /* FilterViewController.swift */; };
		28F1FCBA19F9AEA600A37CBC /* FilterCell.swift in Sources */ = {isa = PBXBuildFile; fileRef = 28F1FCB919F9AEA600A37CBC /* FilterCell.swift */; };
		E5DDF2C01A2260AC008B50FB /* ProfileViewController.swift in Sources */ = {isa = PBXBuildFile; fileRef = E5DDF2BF1A2260AC008B50FB /* ProfileViewController.swift */; };
		E5DDF2C21A2270AF008B50FB /* FacebookSDK.framework in Frameworks */ = {isa = PBXBuildFile; fileRef = E5DDF2C11A2270AF008B50FB /* FacebookSDK.framework */; };
/* End PBXBuildFile section */

/* Begin PBXContainerItemProxy section */
		28F1FCA019F83C8500A37CBC /* PBXContainerItemProxy */ = {
			isa = PBXContainerItemProxy;
			containerPortal = 28F1FC7F19F83C8500A37CBC /* Project object */;
			proxyType = 1;
			remoteGlobalIDString = 28F1FC8619F83C8500A37CBC;
			remoteInfo = ExchangeAGram;
		};
/* End PBXContainerItemProxy section */

/* Begin PBXFileReference section */
		2861FC1B1A1AAC3800D1C96D /* FeedItem.swift */ = {isa = PBXFileReference; fileEncoding = 4; lastKnownFileType = sourcecode.swift; name = FeedItem.swift; path = ../FeedItem.swift; sourceTree = "<group>"; };
		28F1FC8719F83C8500A37CBC /* ExchangeAGram.app */ = {isa = PBXFileReference; explicitFileType = wrapper.application; includeInIndex = 0; path = ExchangeAGram.app; sourceTree = BUILT_PRODUCTS_DIR; };
		28F1FC8B19F83C8500A37CBC /* Info.plist */ = {isa = PBXFileReference; lastKnownFileType = text.plist.xml; path = Info.plist; sourceTree = "<group>"; };
		28F1FC8C19F83C8500A37CBC /* AppDelegate.swift */ = {isa = PBXFileReference; lastKnownFileType = sourcecode.swift; path = AppDelegate.swift; sourceTree = "<group>"; };
		28F1FC8F19F83C8500A37CBC /* ExchangeAGram.xcdatamodel */ = {isa = PBXFileReference; lastKnownFileType = wrapper.xcdatamodel; path = ExchangeAGram.xcdatamodel; sourceTree = "<group>"; };
		28F1FC9419F83C8500A37CBC /* Base */ = {isa = PBXFileReference; lastKnownFileType = file.storyboard; name = Base; path = Base.lproj/Main.storyboard; sourceTree = "<group>"; };
		28F1FC9619F83C8500A37CBC /* Images.xcassets */ = {isa = PBXFileReference; lastKnownFileType = folder.assetcatalog; path = Images.xcassets; sourceTree = "<group>"; };
		28F1FC9919F83C8500A37CBC /* Base */ = {isa = PBXFileReference; lastKnownFileType = file.xib; name = Base; path = Base.lproj/LaunchScreen.xib; sourceTree = "<group>"; };
		28F1FC9F19F83C8500A37CBC /* ExchangeAGramTests.xctest */ = {isa = PBXFileReference; explicitFileType = wrapper.cfbundle; includeInIndex = 0; path = ExchangeAGramTests.xctest; sourceTree = BUILT_PRODUCTS_DIR; };
		28F1FCA419F83C8500A37CBC /* Info.plist */ = {isa = PBXFileReference; lastKnownFileType = text.plist.xml; path = Info.plist; sourceTree = "<group>"; };
		28F1FCA519F83C8500A37CBC /* ExchangeAGramTests.swift */ = {isa = PBXFileReference; lastKnownFileType = sourcecode.swift; path = ExchangeAGramTests.swift; sourceTree = "<group>"; };
		28F1FCAF19F83E2800A37CBC /* FeedViewController.swift */ = {isa = PBXFileReference; fileEncoding = 4; lastKnownFileType = sourcecode.swift; path = FeedViewController.swift; sourceTree = "<group>"; };
		28F1FCB119F84D9800A37CBC /* FeedCell.swift */ = {isa = PBXFileReference; fileEncoding = 4; lastKnownFileType = sourcecode.swift; path = FeedCell.swift; sourceTree = "<group>"; };
		28F1FCB319F850AD00A37CBC /* MobileCoreServices.framework */ = {isa = PBXFileReference; lastKnownFileType = wrapper.framework; name = MobileCoreServices.framework; path = System/Library/Frameworks/MobileCoreServices.framework; sourceTree = SDKROOT; };
		28F1FCB719F9A69400A37CBC /* FilterViewController.swift */ = {isa = PBXFileReference; fileEncoding = 4; lastKnownFileType = sourcecode.swift; path = FilterViewController.swift; sourceTree = "<group>"; };
		28F1FCB919F9AEA600A37CBC /* FilterCell.swift */ = {isa = PBXFileReference; fileEncoding = 4; lastKnownFileType = sourcecode.swift; path = FilterCell.swift; sourceTree = "<group>"; };
		E5DDF2BF1A2260AC008B50FB /* ProfileViewController.swift */ = {isa = PBXFileReference; fileEncoding = 4; lastKnownFileType = sourcecode.swift; path = ProfileViewController.swift; sourceTree = "<group>"; };
		E5DDF2C11A2270AF008B50FB /* FacebookSDK.framework */ = {isa = PBXFileReference; lastKnownFileType = wrapper.framework; name = FacebookSDK.framework; path = "../../../XCODE ADD-ONS/FacebookSDK/FacebookSDK.framework"; sourceTree = "<group>"; };
		E5DDF2C31A2271FC008B50FB /* Bridging-Header.h */ = {isa = PBXFileReference; lastKnownFileType = sourcecode.c.h; path = "Bridging-Header.h"; sourceTree = "<group>"; };
/* End PBXFileReference section */

/* Begin PBXFrameworksBuildPhase section */
		28F1FC8419F83C8500A37CBC /* Frameworks */ = {
			isa = PBXFrameworksBuildPhase;
			buildActionMask = 2147483647;
			files = (
				28F1FCB419F850AD00A37CBC /* MobileCoreServices.framework in Frameworks */,
				E5DDF2C21A2270AF008B50FB /* FacebookSDK.framework in Frameworks */,
			);
			runOnlyForDeploymentPostprocessing = 0;
		};
		28F1FC9C19F83C8500A37CBC /* Frameworks */ = {
			isa = PBXFrameworksBuildPhase;
			buildActionMask = 2147483647;
			files = (
			);
			runOnlyForDeploymentPostprocessing = 0;
		};
/* End PBXFrameworksBuildPhase section */

/* Begin PBXGroup section */
		2861FC1D1A1AAC4B00D1C96D /* Model */ = {
			isa = PBXGroup;
			children = (
				28F1FC8E19F83C8500A37CBC /* ExchangeAGram.xcdatamodeld */,
				2861FC1B1A1AAC3800D1C96D /* FeedItem.swift */,
			);
			name = Model;
			sourceTree = "<group>";
		};
		28F1FC7E19F83C8500A37CBC = {
			isa = PBXGroup;
			children = (
				28F1FC8919F83C8500A37CBC /* ExchangeAGram */,
				28F1FCA219F83C8500A37CBC /* ExchangeAGramTests */,
				28F1FC8819F83C8500A37CBC /* Products */,
			);
			sourceTree = "<group>";
		};
		28F1FC8819F83C8500A37CBC /* Products */ = {
			isa = PBXGroup;
			children = (
				28F1FC8719F83C8500A37CBC /* ExchangeAGram.app */,
				28F1FC9F19F83C8500A37CBC /* ExchangeAGramTests.xctest */,
			);
			name = Products;
			sourceTree = "<group>";
		};
		28F1FC8919F83C8500A37CBC /* ExchangeAGram */ = {
			isa = PBXGroup;
			children = (
				28F1FC8C19F83C8500A37CBC /* AppDelegate.swift */,
				28F1FCAF19F83E2800A37CBC /* FeedViewController.swift */,
				28F1FCB719F9A69400A37CBC /* FilterViewController.swift */,
				28F1FCB919F9AEA600A37CBC /* FilterCell.swift */,
				28F1FCB119F84D9800A37CBC /* FeedCell.swift */,
				28F1FC9319F83C8500A37CBC /* Main.storyboard */,
				E5DDF2BF1A2260AC008B50FB /* ProfileViewController.swift */,
				E5DDF2C31A2271FC008B50FB /* Bridging-Header.h */,
				28F1FC9619F83C8500A37CBC /* Images.xcassets */,
				28F1FC9819F83C8500A37CBC /* LaunchScreen.xib */,
				2861FC1D1A1AAC4B00D1C96D /* Model */,
				28F1FC8A19F83C8500A37CBC /* Supporting Files */,
			);
			path = ExchangeAGram;
			sourceTree = "<group>";
		};
		28F1FC8A19F83C8500A37CBC /* Supporting Files */ = {
			isa = PBXGroup;
			children = (
				E5DDF2C11A2270AF008B50FB /* FacebookSDK.framework */,
				28F1FCB319F850AD00A37CBC /* MobileCoreServices.framework */,
				28F1FC8B19F83C8500A37CBC /* Info.plist */,
			);
			name = "Supporting Files";
			sourceTree = "<group>";
		};
		28F1FCA219F83C8500A37CBC /* ExchangeAGramTests */ = {
			isa = PBXGroup;
			children = (
				28F1FCA519F83C8500A37CBC /* ExchangeAGramTests.swift */,
				28F1FCA319F83C8500A37CBC /* Supporting Files */,
			);
			path = ExchangeAGramTests;
			sourceTree = "<group>";
		};
		28F1FCA319F83C8500A37CBC /* Supporting Files */ = {
			isa = PBXGroup;
			children = (
				28F1FCA419F83C8500A37CBC /* Info.plist */,
			);
			name = "Supporting Files";
			sourceTree = "<group>";
		};
/* End PBXGroup section */

/* Begin PBXNativeTarget section */
		28F1FC8619F83C8500A37CBC /* ExchangeAGram */ = {
			isa = PBXNativeTarget;
			buildConfigurationList = 28F1FCA919F83C8500A37CBC /* Build configuration list for PBXNativeTarget "ExchangeAGram" */;
			buildPhases = (
				28F1FC8319F83C8500A37CBC /* Sources */,
				28F1FC8419F83C8500A37CBC /* Frameworks */,
				28F1FC8519F83C8500A37CBC /* Resources */,
			);
			buildRules = (
			);
			dependencies = (
			);
			name = ExchangeAGram;
			productName = ExchangeAGram;
			productReference = 28F1FC8719F83C8500A37CBC /* ExchangeAGram.app */;
			productType = "com.apple.product-type.application";
		};
		28F1FC9E19F83C8500A37CBC /* ExchangeAGramTests */ = {
			isa = PBXNativeTarget;
			buildConfigurationList = 28F1FCAC19F83C8500A37CBC /* Build configuration list for PBXNativeTarget "ExchangeAGramTests" */;
			buildPhases = (
				28F1FC9B19F83C8500A37CBC /* Sources */,
				28F1FC9C19F83C8500A37CBC /* Frameworks */,
				28F1FC9D19F83C8500A37CBC /* Resources */,
			);
			buildRules = (
			);
			dependencies = (
				28F1FCA119F83C8500A37CBC /* PBXTargetDependency */,
			);
			name = ExchangeAGramTests;
			productName = ExchangeAGramTests;
			productReference = 28F1FC9F19F83C8500A37CBC /* ExchangeAGramTests.xctest */;
			productType = "com.apple.product-type.bundle.unit-test";
		};
/* End PBXNativeTarget section */

/* Begin PBXProject section */
		28F1FC7F19F83C8500A37CBC /* Project object */ = {
			isa = PBXProject;
			attributes = {
				LastUpgradeCheck = 0600;
				ORGANIZATIONNAME = RobbieSavageJr.com;
				TargetAttributes = {
					28F1FC8619F83C8500A37CBC = {
						CreatedOnToolsVersion = 6.0;
						DevelopmentTeam = 9H5V3VLGH7;
					};
					28F1FC9E19F83C8500A37CBC = {
						CreatedOnToolsVersion = 6.0;
						TestTargetID = 28F1FC8619F83C8500A37CBC;
					};
				};
			};
			buildConfigurationList = 28F1FC8219F83C8500A37CBC /* Build configuration list for PBXProject "ExchangeAGram" */;
			compatibilityVersion = "Xcode 3.2";
			developmentRegion = English;
			hasScannedForEncodings = 0;
			knownRegions = (
				en,
				Base,
			);
			mainGroup = 28F1FC7E19F83C8500A37CBC;
			productRefGroup = 28F1FC8819F83C8500A37CBC /* Products */;
			projectDirPath = "";
			projectRoot = "";
			targets = (
				28F1FC8619F83C8500A37CBC /* ExchangeAGram */,
				28F1FC9E19F83C8500A37CBC /* ExchangeAGramTests */,
			);
		};
/* End PBXProject section */

/* Begin PBXResourcesBuildPhase section */
		28F1FC8519F83C8500A37CBC /* Resources */ = {
			isa = PBXResourcesBuildPhase;
			buildActionMask = 2147483647;
			files = (
				28F1FC9519F83C8500A37CBC /* Main.storyboard in Resources */,
				28F1FC9A19F83C8500A37CBC /* LaunchScreen.xib in Resources */,
				28F1FC9719F83C8500A37CBC /* Images.xcassets in Resources */,
			);
			runOnlyForDeploymentPostprocessing = 0;
		};
		28F1FC9D19F83C8500A37CBC /* Resources */ = {
			isa = PBXResourcesBuildPhase;
			buildActionMask = 2147483647;
			files = (
			);
			runOnlyForDeploymentPostprocessing = 0;
		};
/* End PBXResourcesBuildPhase section */

/* Begin PBXSourcesBuildPhase section */
		28F1FC8319F83C8500A37CBC /* Sources */ = {
			isa = PBXSourcesBuildPhase;
			buildActionMask = 2147483647;
			files = (
				28F1FCBA19F9AEA600A37CBC /* FilterCell.swift in Sources */,
				28F1FCB819F9A69400A37CBC /* FilterViewController.swift in Sources */,
				28F1FC8D19F83C8500A37CBC /* AppDelegate.swift in Sources */,
				28F1FCB219F84D9800A37CBC /* FeedCell.swift in Sources */,
				28F1FCB019F83E2800A37CBC /* FeedViewController.swift in Sources */,
				2861FC1C1A1AAC3800D1C96D /* FeedItem.swift in Sources */,
				E5DDF2C01A2260AC008B50FB /* ProfileViewController.swift in Sources */,
				28F1FC9019F83C8500A37CBC /* ExchangeAGram.xcdatamodeld in Sources */,
			);
			runOnlyForDeploymentPostprocessing = 0;
		};
		28F1FC9B19F83C8500A37CBC /* Sources */ = {
			isa = PBXSourcesBuildPhase;
			buildActionMask = 2147483647;
			files = (
				28F1FCA619F83C8500A37CBC /* ExchangeAGramTests.swift in Sources */,
			);
			runOnlyForDeploymentPostprocessing = 0;
		};
/* End PBXSourcesBuildPhase section */

/* Begin PBXTargetDependency section */
		28F1FCA119F83C8500A37CBC /* PBXTargetDependency */ = {
			isa = PBXTargetDependency;
			target = 28F1FC8619F83C8500A37CBC /* ExchangeAGram */;
			targetProxy = 28F1FCA019F83C8500A37CBC /* PBXContainerItemProxy */;
		};
/* End PBXTargetDependency section */

/* Begin PBXVariantGroup section */
		28F1FC9319F83C8500A37CBC /* Main.storyboard */ = {
			isa = PBXVariantGroup;
			children = (
				28F1FC9419F83C8500A37CBC /* Base */,
			);
			name = Main.storyboard;
			sourceTree = "<group>";
		};
		28F1FC9819F83C8500A37CBC /* LaunchScreen.xib */ = {
			isa = PBXVariantGroup;
			children = (
				28F1FC9919F83C8500A37CBC /* Base */,
			);
			name = LaunchScreen.xib;
			sourceTree = "<group>";
		};
/* End PBXVariantGroup section */

/* Begin XCBuildConfiguration section */
		28F1FCA719F83C8500A37CBC /* Debug */ = {
			isa = XCBuildConfiguration;
			buildSettings = {
				ALWAYS_SEARCH_USER_PATHS = NO;
				CLANG_CXX_LANGUAGE_STANDARD = "gnu++0x";
				CLANG_CXX_LIBRARY = "libc++";
				CLANG_ENABLE_MODULES = YES;
				CLANG_ENABLE_OBJC_ARC = YES;
				CLANG_WARN_BOOL_CONVERSION = YES;
				CLANG_WARN_CONSTANT_CONVERSION = YES;
				CLANG_WARN_DIRECT_OBJC_ISA_USAGE = YES_ERROR;
				CLANG_WARN_EMPTY_BODY = YES;
				CLANG_WARN_ENUM_CONVERSION = YES;
				CLANG_WARN_INT_CONVERSION = YES;
				CLANG_WARN_OBJC_ROOT_CLASS = YES_ERROR;
				CLANG_WARN_UNREACHABLE_CODE = YES;
				CLANG_WARN__DUPLICATE_METHOD_MATCH = YES;
				"CODE_SIGN_IDENTITY[sdk=iphoneos*]" = "iPhone Developer";
				COPY_PHASE_STRIP = NO;
				ENABLE_STRICT_OBJC_MSGSEND = YES;
				GCC_C_LANGUAGE_STANDARD = gnu99;
				GCC_DYNAMIC_NO_PIC = NO;
				GCC_OPTIMIZATION_LEVEL = 0;
				GCC_PREPROCESSOR_DEFINITIONS = (
					"DEBUG=1",
					"$(inherited)",
				);
				GCC_SYMBOLS_PRIVATE_EXTERN = NO;
				GCC_WARN_64_TO_32_BIT_CONVERSION = YES;
				GCC_WARN_ABOUT_RETURN_TYPE = YES_ERROR;
				GCC_WARN_UNDECLARED_SELECTOR = YES;
				GCC_WARN_UNINITIALIZED_AUTOS = YES_AGGRESSIVE;
				GCC_WARN_UNUSED_FUNCTION = YES;
				GCC_WARN_UNUSED_VARIABLE = YES;
				IPHONEOS_DEPLOYMENT_TARGET = 8.0;
				MTL_ENABLE_DEBUG_INFO = YES;
				ONLY_ACTIVE_ARCH = YES;
				SDKROOT = iphoneos;
				SWIFT_OPTIMIZATION_LEVEL = "-Onone";
				TARGETED_DEVICE_FAMILY = "1,2";
			};
			name = Debug;
		};
		28F1FCA819F83C8500A37CBC /* Release */ = {
			isa = XCBuildConfiguration;
			buildSettings = {
				ALWAYS_SEARCH_USER_PATHS = NO;
				CLANG_CXX_LANGUAGE_STANDARD = "gnu++0x";
				CLANG_CXX_LIBRARY = "libc++";
				CLANG_ENABLE_MODULES = YES;
				CLANG_ENABLE_OBJC_ARC = YES;
				CLANG_WARN_BOOL_CONVERSION = YES;
				CLANG_WARN_CONSTANT_CONVERSION = YES;
				CLANG_WARN_DIRECT_OBJC_ISA_USAGE = YES_ERROR;
				CLANG_WARN_EMPTY_BODY = YES;
				CLANG_WARN_ENUM_CONVERSION = YES;
				CLANG_WARN_INT_CONVERSION = YES;
				CLANG_WARN_OBJC_ROOT_CLASS = YES_ERROR;
				CLANG_WARN_UNREACHABLE_CODE = YES;
				CLANG_WARN__DUPLICATE_METHOD_MATCH = YES;
				"CODE_SIGN_IDENTITY[sdk=iphoneos*]" = "iPhone Developer";
				COPY_PHASE_STRIP = YES;
				ENABLE_NS_ASSERTIONS = NO;
				ENABLE_STRICT_OBJC_MSGSEND = YES;
				GCC_C_LANGUAGE_STANDARD = gnu99;
				GCC_WARN_64_TO_32_BIT_CONVERSION = YES;
				GCC_WARN_ABOUT_RETURN_TYPE = YES_ERROR;
				GCC_WARN_UNDECLARED_SELECTOR = YES;
				GCC_WARN_UNINITIALIZED_AUTOS = YES_AGGRESSIVE;
				GCC_WARN_UNUSED_FUNCTION = YES;
				GCC_WARN_UNUSED_VARIABLE = YES;
				IPHONEOS_DEPLOYMENT_TARGET = 8.0;
				MTL_ENABLE_DEBUG_INFO = NO;
				SDKROOT = iphoneos;
				TARGETED_DEVICE_FAMILY = "1,2";
				VALIDATE_PRODUCT = YES;
			};
			name = Release;
		};
		28F1FCAA19F83C8500A37CBC /* Debug */ = {
			isa = XCBuildConfiguration;
			buildSettings = {
				ASSETCATALOG_COMPILER_APPICON_NAME = AppIcon;
				FRAMEWORK_SEARCH_PATHS = (
					"$(inherited)",
					/Users/robbiesavagejr/Documents/XCODE,
					"ADD-ONS/FacebookSDK",
				);
				INFOPLIST_FILE = ExchangeAGram/Info.plist;
				LD_RUNPATH_SEARCH_PATHS = "$(inherited) @executable_path/Frameworks";
				PRODUCT_NAME = "$(TARGET_NAME)";
				SWIFT_OBJC_BRIDGING_HEADER = "ExchangeAGram/Bridging-Header.h";
			};
			name = Debug;
		};
		28F1FCAB19F83C8500A37CBC /* Release */ = {
			isa = XCBuildConfiguration;
			buildSettings = {
				ASSETCATALOG_COMPILER_APPICON_NAME = AppIcon;
				FRAMEWORK_SEARCH_PATHS = (
					"$(inherited)",
					/Users/robbiesavagejr/Documents/XCODE,
					"ADD-ONS/FacebookSDK",
				);
				INFOPLIST_FILE = ExchangeAGram/Info.plist;
				LD_RUNPATH_SEARCH_PATHS = "$(inherited) @executable_path/Frameworks";
				PRODUCT_NAME = "$(TARGET_NAME)";
				SWIFT_OBJC_BRIDGING_HEADER = "ExchangeAGram/Bridging-Header.h";
			};
			name = Release;
		};
		28F1FCAD19F83C8500A37CBC /* Debug */ = {
			isa = XCBuildConfiguration;
			buildSettings = {
				BUNDLE_LOADER = "$(TEST_HOST)";
				FRAMEWORK_SEARCH_PATHS = (
					"$(SDKROOT)/Developer/Library/Frameworks",
					"$(inherited)",
				);
				GCC_PREPROCESSOR_DEFINITIONS = (
					"DEBUG=1",
					"$(inherited)",
				);
				INFOPLIST_FILE = ExchangeAGramTests/Info.plist;
				LD_RUNPATH_SEARCH_PATHS = "$(inherited) @executable_path/Frameworks @loader_path/Frameworks";
				PRODUCT_NAME = "$(TARGET_NAME)";
				TEST_HOST = "$(BUILT_PRODUCTS_DIR)/ExchangeAGram.app/ExchangeAGram";
			};
			name = Debug;
		};
		28F1FCAE19F83C8500A37CBC /* Release */ = {
			isa = XCBuildConfiguration;
			buildSettings = {
				BUNDLE_LOADER = "$(TEST_HOST)";
				FRAMEWORK_SEARCH_PATHS = (
					"$(SDKROOT)/Developer/Library/Frameworks",
					"$(inherited)",
				);
				INFOPLIST_FILE = ExchangeAGramTests/Info.plist;
				LD_RUNPATH_SEARCH_PATHS = "$(inherited) @executable_path/Frameworks @loader_path/Frameworks";
				PRODUCT_NAME = "$(TARGET_NAME)";
				TEST_HOST = "$(BUILT_PRODUCTS_DIR)/ExchangeAGram.app/ExchangeAGram";
			};
			name = Release;
		};
/* End XCBuildConfiguration section */

/* Begin XCConfigurationList section */
		28F1FC8219F83C8500A37CBC /* Build configuration list for PBXProject "ExchangeAGram" */ = {
			isa = XCConfigurationList;
			buildConfigurations = (
				28F1FCA719F83C8500A37CBC /* Debug */,
				28F1FCA819F83C8500A37CBC /* Release */,
			);
			defaultConfigurationIsVisible = 0;
			defaultConfigurationName = Release;
		};
		28F1FCA919F83C8500A37CBC /* Build configuration list for PBXNativeTarget "ExchangeAGram" */ = {
			isa = XCConfigurationList;
			buildConfigurations = (
				28F1FCAA19F83C8500A37CBC /* Debug */,
				28F1FCAB19F83C8500A37CBC /* Release */,
			);
			defaultConfigurationIsVisible = 0;
			defaultConfigurationName = Release;
		};
		28F1FCAC19F83C8500A37CBC /* Build configuration list for PBXNativeTarget "ExchangeAGramTests" */ = {
			isa = XCConfigurationList;
			buildConfigurations = (
				28F1FCAD19F83C8500A37CBC /* Debug */,
				28F1FCAE19F83C8500A37CBC /* Release */,
			);
			defaultConfigurationIsVisible = 0;
			defaultConfigurationName = Release;
		};
/* End XCConfigurationList section */

/* Begin XCVersionGroup section */
		28F1FC8E19F83C8500A37CBC /* ExchangeAGram.xcdatamodeld */ = {
			isa = XCVersionGroup;
			children = (
				28F1FC8F19F83C8500A37CBC /* ExchangeAGram.xcdatamodel */,
			);
			currentVersion = 28F1FC8F19F83C8500A37CBC /* ExchangeAGram.xcdatamodel */;
			path = ExchangeAGram.xcdatamodeld;
			sourceTree = "<group>";
			versionGroupType = wrapper.xcdatamodel;
		};
/* End XCVersionGroup section */
	};
	rootObject = 28F1FC7F19F83C8500A37CBC /* Project object */;
}
